
Microsoft Visual Studio Solution File, Format Version 12.00
# Visual Studio Version 17
VisualStudioVersion = 17.8.34330.188
MinimumVisualStudioVersion = 10.0.40219.1
Project("{8BC9CEB8-8B4A-11D0-8D11-00A0C91BC942}") = "doom", "doom\doom.vcxproj", "{4D83C2B0-812B-482B-A5AE-D9730BB3B444}"
EndProject
Global
	GlobalSection(SolutionConfigurationPlatforms) = preSolution
		Debug|x64 = Debug|x64
		Debug|x86 = Debug|x86
		Release|x64 = Release|x64
		Release|x86 = Release|x86
	EndGlobalSection
	GlobalSection(ProjectConfigurationPlatforms) = postSolution
		{4D83C2B0-812B-482B-A5AE-D9730BB3B444}.Debug|x64.ActiveCfg = Debug|x64
		{4D83C2B0-812B-482B-A5AE-D9730BB3B444}.Debug|x64.Build.0 = Debug|x64
		{4D83C2B0-812B-482B-A5AE-D9730BB3B444}.Debug|x86.ActiveCfg = Debug|Win32
		{4D83C2B0-812B-482B-A5AE-D9730BB3B444}.Debug|x86.Build.0 = Debug|Win32
		{4D83C2B0-812B-482B-A5AE-D9730BB3B444}.Release|x64.ActiveCfg = Release|x64
		{4D83C2B0-812B-482B-A5AE-D9730BB3B444}.Release|x64.Build.0 = Release|x64
		{4D83C2B0-812B-482B-A5AE-D9730BB3B444}.Release|x86.ActiveCfg = Release|Win32
		{4D83C2B0-812B-482B-A5AE-D9730BB3B444}.Release|x86.Build.0 = Release|Win32
	EndGlobalSection
	GlobalSection(SolutionProperties) = preSolution
		HideSolutionNode = FALSE
	EndGlobalSection
	GlobalSection(ExtensibilityGlobals) = postSolution
		SolutionGuid = {DCF771E0-F357-4411-A426-D4F92842600A}
	EndGlobalSection
EndGlobal
